
Microsoft Visual Studio Solution File, Format Version 12.00
# Visual Studio 15
VisualStudioVersion = 15.0.28307.271
MinimumVisualStudioVersion = 10.0.40219.1
Project("{FAE04EC0-301F-11D3-BF4B-00C04F79EFBC}") = "PoisonedWineRiddle", "PoisonedWineRiddle\PoisonedWineRiddle.csproj", "{3DB20702-F883-49CA-9ED8-773BC9DDAB19}"
EndProject
Global
	GlobalSection(SolutionConfigurationPlatforms) = preSolution
		Debug|Any CPU = Debug|Any CPU
		Release|Any CPU = Release|Any CPU
	EndGlobalSection
	GlobalSection(ProjectConfigurationPlatforms) = postSolution
		{3DB20702-F883-49CA-9ED8-773BC9DDAB19}.Debug|Any CPU.ActiveCfg = Debug|Any CPU
		{3DB20702-F883-49CA-9ED8-773BC9DDAB19}.Debug|Any CPU.Build.0 = Debug|Any CPU
		{3DB20702-F883-49CA-9ED8-773BC9DDAB19}.Release|Any CPU.ActiveCfg = Release|Any CPU
		{3DB20702-F883-49CA-9ED8-773BC9DDAB19}.Release|Any CPU.Build.0 = Release|Any CPU
	EndGlobalSection
	GlobalSection(SolutionProperties) = preSolution
		HideSolutionNode = FALSE
	EndGlobalSection
	GlobalSection(ExtensibilityGlobals) = postSolution
		SolutionGuid = {1B12CF00-BED6-4FE2-8374-F134126B411F}
	EndGlobalSection
EndGlobal
